
Microsoft Visual Studio Solution File, Format Version 12.00
# Visual Studio Version 17
VisualStudioVersion = 17.2.32519.379
MinimumVisualStudioVersion = 10.0.40219.1
Project("{FAE04EC0-301F-11D3-BF4B-00C04F79EFBC}") = "CodeWars", "CodeWars\CodeWars.csproj", "{DC6617F5-6F71-4C17-B9F6-218C7352384B}"
EndProject
Global
	GlobalSection(SolutionConfigurationPlatforms) = preSolution
		Debug|Any CPU = Debug|Any CPU
		Release|Any CPU = Release|Any CPU
	EndGlobalSection
	GlobalSection(ProjectConfigurationPlatforms) = postSolution
		{DC6617F5-6F71-4C17-B9F6-218C7352384B}.Debug|Any CPU.ActiveCfg = Debug|Any CPU
		{DC6617F5-6F71-4C17-B9F6-218C7352384B}.Debug|Any CPU.Build.0 = Debug|Any CPU
		{DC6617F5-6F71-4C17-B9F6-218C7352384B}.Release|Any CPU.ActiveCfg = Release|Any CPU
		{DC6617F5-6F71-4C17-B9F6-218C7352384B}.Release|Any CPU.Build.0 = Release|Any CPU
	EndGlobalSection
	GlobalSection(SolutionProperties) = preSolution
		HideSolutionNode = FALSE
	EndGlobalSection
	GlobalSection(ExtensibilityGlobals) = postSolution
		SolutionGuid = {6142348D-6C14-4554-B7F7-694F108060D3}
	EndGlobalSection
EndGlobal
